
Microsoft Visual Studio Solution File, Format Version 12.00
# Visual Studio Version 17
VisualStudioVersion = 17.14.36414.22
MinimumVisualStudioVersion = 10.0.40219.1
Project("{2150E333-8FDC-42A3-9474-1A3956D46DE8}") = "dotnet", "dotnet", "{02EA681E-C7D8-13C7-8484-4AC65E1B71E8}"
EndProject
Project("{FAE04EC0-301F-11D3-BF4B-00C04F79EFBC}") = "UserService", "dotnet\UserService\UserService.csproj", "{E19A1DC3-0E20-4941-8CEC-95F5A99387A3}"
EndProject
Project("{FAE04EC0-301F-11D3-BF4B-00C04F79EFBC}") = "Common", "dotnet\Common\Common.csproj", "{80906462-C63F-451F-988C-F3C53E7972D9}"
EndProject
Project("{FAE04EC0-301F-11D3-BF4B-00C04F79EFBC}") = "Contracts", "dotnet\Contracts\Contracts.csproj", "{724512C4-B631-4DFA-81EB-AAF6B29FF41C}"
EndProject
Project("{2150E333-8FDC-42A3-9474-1A3956D46DE8}") = "Solution Items", "Solution Items", "{8EC462FD-D22E-90A8-E5CE-7E832BA40C5D}"
	ProjectSection(SolutionItems) = preProject
		docker-compose.yml = docker-compose.yml
		init.sql = init.sql
	EndProjectSection
EndProject
Global
	GlobalSection(SolutionConfigurationPlatforms) = preSolution
		Debug|Any CPU = Debug|Any CPU
		Release|Any CPU = Release|Any CPU
	EndGlobalSection
	GlobalSection(ProjectConfigurationPlatforms) = postSolution
		{E19A1DC3-0E20-4941-8CEC-95F5A99387A3}.Debug|Any CPU.ActiveCfg = Debug|Any CPU
		{E19A1DC3-0E20-4941-8CEC-95F5A99387A3}.Debug|Any CPU.Build.0 = Debug|Any CPU
		{E19A1DC3-0E20-4941-8CEC-95F5A99387A3}.Release|Any CPU.ActiveCfg = Release|Any CPU
		{E19A1DC3-0E20-4941-8CEC-95F5A99387A3}.Release|Any CPU.Build.0 = Release|Any CPU
		{80906462-C63F-451F-988C-F3C53E7972D9}.Debug|Any CPU.ActiveCfg = Debug|Any CPU
		{80906462-C63F-451F-988C-F3C53E7972D9}.Debug|Any CPU.Build.0 = Debug|Any CPU
		{80906462-C63F-451F-988C-F3C53E7972D9}.Release|Any CPU.ActiveCfg = Release|Any CPU
		{80906462-C63F-451F-988C-F3C53E7972D9}.Release|Any CPU.Build.0 = Release|Any CPU
		{724512C4-B631-4DFA-81EB-AAF6B29FF41C}.Debug|Any CPU.ActiveCfg = Debug|Any CPU
		{724512C4-B631-4DFA-81EB-AAF6B29FF41C}.Debug|Any CPU.Build.0 = Debug|Any CPU
		{724512C4-B631-4DFA-81EB-AAF6B29FF41C}.Release|Any CPU.ActiveCfg = Release|Any CPU
		{724512C4-B631-4DFA-81EB-AAF6B29FF41C}.Release|Any CPU.Build.0 = Release|Any CPU
	EndGlobalSection
	GlobalSection(SolutionProperties) = preSolution
		HideSolutionNode = FALSE
	EndGlobalSection
	GlobalSection(NestedProjects) = preSolution
		{E19A1DC3-0E20-4941-8CEC-95F5A99387A3} = {02EA681E-C7D8-13C7-8484-4AC65E1B71E8}
		{80906462-C63F-451F-988C-F3C53E7972D9} = {02EA681E-C7D8-13C7-8484-4AC65E1B71E8}
		{724512C4-B631-4DFA-81EB-AAF6B29FF41C} = {02EA681E-C7D8-13C7-8484-4AC65E1B71E8}
	EndGlobalSection
	GlobalSection(ExtensibilityGlobals) = postSolution
		SolutionGuid = {0EBCE836-8DA4-4FD5-B9C6-341FDCD6FD37}
	EndGlobalSection
EndGlobal
